
Microsoft Visual Studio Solution File, Format Version 12.00
# Visual Studio Version 16
VisualStudioVersion = 16.0.31624.102
MinimumVisualStudioVersion = 10.0.40219.1
Project("{FAE04EC0-301F-11D3-BF4B-00C04F79EFBC}") = "RealEstatePMP", "RealEstatePMP.csproj", "{072B102F-9F75-4BD7-AE11-845A2C3BBAA8}"
EndProject
Global
	GlobalSection(SolutionConfigurationPlatforms) = preSolution
		Debug|Any CPU = Debug|Any CPU
		Release|Any CPU = Release|Any CPU
	EndGlobalSection
	GlobalSection(ProjectConfigurationPlatforms) = postSolution
		{072B102F-9F75-4BD7-AE11-845A2C3BBAA8}.Debug|Any CPU.ActiveCfg = Debug|Any CPU
		{072B102F-9F75-4BD7-AE11-845A2C3BBAA8}.Debug|Any CPU.Build.0 = Debug|Any CPU
		{072B102F-9F75-4BD7-AE11-845A2C3BBAA8}.Release|Any CPU.ActiveCfg = Release|Any CPU
		{072B102F-9F75-4BD7-AE11-845A2C3BBAA8}.Release|Any CPU.Build.0 = Release|Any CPU
	EndGlobalSection
	GlobalSection(SolutionProperties) = preSolution
		HideSolutionNode = FALSE
	EndGlobalSection
	GlobalSection(ExtensibilityGlobals) = postSolution
		SolutionGuid = {0B8A4D5C-830F-4C02-A90B-BA1184DF03F0}
	EndGlobalSection
EndGlobal
